
Microsoft Visual Studio Solution File, Format Version 12.00
# Visual Studio Express 2013 for Web
VisualStudioVersion = 12.0.21005.1
MinimumVisualStudioVersion = 10.0.40219.1
Project("{FAE04EC0-301F-11D3-BF4B-00C04F79EFBC}") = "Moviq", "Moviq\Moviq.csproj", "{AD421F80-AA2D-47BA-AE13-82172052BA8D}"
EndProject
Project("{FAE04EC0-301F-11D3-BF4B-00C04F79EFBC}") = "Moviq.Interfaces", "Moviq.Interfaces\Moviq.Interfaces.csproj", "{B0708601-0CFA-411E-87B8-A9875AA00C9D}"
EndProject
Project("{FAE04EC0-301F-11D3-BF4B-00C04F79EFBC}") = "Moviq.Domain.Products", "Moviq.Domain.Products\Moviq.Domain.Products.csproj", "{2DE192C4-F87F-4B04-91B9-09EC1D125746}"
EndProject
Project("{FAE04EC0-301F-11D3-BF4B-00C04F79EFBC}") = "Moviq.Domain.Products.Tests", "Moviq.Domain.Products.Tests\Moviq.Domain.Products.Tests.csproj", "{B760C36C-ECB0-4BA8-973E-76374C8403FF}"
EndProject
Project("{FAE04EC0-301F-11D3-BF4B-00C04F79EFBC}") = "Moviq.Interfaces.Tests", "Moviq.Interfaces.Tests\Moviq.Interfaces.Tests.csproj", "{1649E306-14EA-494A-8D1C-EA29A62DC210}"
EndProject
Project("{FAE04EC0-301F-11D3-BF4B-00C04F79EFBC}") = "Moviq.Locale", "Moviq.Locale\Moviq.Locale.csproj", "{71687340-2BEC-4B85-B35D-75DEF65958F4}"
EndProject
Project("{FAE04EC0-301F-11D3-BF4B-00C04F79EFBC}") = "Moviq.Domain.Auth", "Moviq.Domain.Auth\Moviq.Domain.Auth.csproj", "{FF6BFDE1-54E3-4999-8E5D-04081AD7CBF3}"
EndProject
Project("{FAE04EC0-301F-11D3-BF4B-00C04F79EFBC}") = "Moviq.Domain.Auth.Tests", "Moviq.Domain.Auth.Tests\Moviq.Domain.Auth.Tests.csproj", "{F664A7E0-3D2C-49A1-9A10-AEE3F0E3F49C}"
EndProject
Global
	GlobalSection(SolutionConfigurationPlatforms) = preSolution
		Debug|Any CPU = Debug|Any CPU
		Release|Any CPU = Release|Any CPU
	EndGlobalSection
	GlobalSection(ProjectConfigurationPlatforms) = postSolution
		{AD421F80-AA2D-47BA-AE13-82172052BA8D}.Debug|Any CPU.ActiveCfg = Debug|Any CPU
		{AD421F80-AA2D-47BA-AE13-82172052BA8D}.Debug|Any CPU.Build.0 = Debug|Any CPU
		{AD421F80-AA2D-47BA-AE13-82172052BA8D}.Release|Any CPU.ActiveCfg = Release|Any CPU
		{AD421F80-AA2D-47BA-AE13-82172052BA8D}.Release|Any CPU.Build.0 = Release|Any CPU
		{B0708601-0CFA-411E-87B8-A9875AA00C9D}.Debug|Any CPU.ActiveCfg = Debug|Any CPU
		{B0708601-0CFA-411E-87B8-A9875AA00C9D}.Debug|Any CPU.Build.0 = Debug|Any CPU
		{B0708601-0CFA-411E-87B8-A9875AA00C9D}.Release|Any CPU.ActiveCfg = Release|Any CPU
		{B0708601-0CFA-411E-87B8-A9875AA00C9D}.Release|Any CPU.Build.0 = Release|Any CPU
		{2DE192C4-F87F-4B04-91B9-09EC1D125746}.Debug|Any CPU.ActiveCfg = Debug|Any CPU
		{2DE192C4-F87F-4B04-91B9-09EC1D125746}.Debug|Any CPU.Build.0 = Debug|Any CPU
		{2DE192C4-F87F-4B04-91B9-09EC1D125746}.Release|Any CPU.ActiveCfg = Release|Any CPU
		{2DE192C4-F87F-4B04-91B9-09EC1D125746}.Release|Any CPU.Build.0 = Release|Any CPU
		{B760C36C-ECB0-4BA8-973E-76374C8403FF}.Debug|Any CPU.ActiveCfg = Debug|Any CPU
		{B760C36C-ECB0-4BA8-973E-76374C8403FF}.Debug|Any CPU.Build.0 = Debug|Any CPU
		{B760C36C-ECB0-4BA8-973E-76374C8403FF}.Release|Any CPU.ActiveCfg = Release|Any CPU
		{B760C36C-ECB0-4BA8-973E-76374C8403FF}.Release|Any CPU.Build.0 = Release|Any CPU
		{1649E306-14EA-494A-8D1C-EA29A62DC210}.Debug|Any CPU.ActiveCfg = Debug|Any CPU
		{1649E306-14EA-494A-8D1C-EA29A62DC210}.Debug|Any CPU.Build.0 = Debug|Any CPU
		{1649E306-14EA-494A-8D1C-EA29A62DC210}.Release|Any CPU.ActiveCfg = Release|Any CPU
		{1649E306-14EA-494A-8D1C-EA29A62DC210}.Release|Any CPU.Build.0 = Release|Any CPU
		{71687340-2BEC-4B85-B35D-75DEF65958F4}.Debug|Any CPU.ActiveCfg = Debug|Any CPU
		{71687340-2BEC-4B85-B35D-75DEF65958F4}.Debug|Any CPU.Build.0 = Debug|Any CPU
		{71687340-2BEC-4B85-B35D-75DEF65958F4}.Release|Any CPU.ActiveCfg = Release|Any CPU
		{71687340-2BEC-4B85-B35D-75DEF65958F4}.Release|Any CPU.Build.0 = Release|Any CPU
		{FF6BFDE1-54E3-4999-8E5D-04081AD7CBF3}.Debug|Any CPU.ActiveCfg = Debug|Any CPU
		{FF6BFDE1-54E3-4999-8E5D-04081AD7CBF3}.Debug|Any CPU.Build.0 = Debug|Any CPU
		{FF6BFDE1-54E3-4999-8E5D-04081AD7CBF3}.Release|Any CPU.ActiveCfg = Release|Any CPU
		{FF6BFDE1-54E3-4999-8E5D-04081AD7CBF3}.Release|Any CPU.Build.0 = Release|Any CPU
		{F664A7E0-3D2C-49A1-9A10-AEE3F0E3F49C}.Debug|Any CPU.ActiveCfg = Debug|Any CPU
		{F664A7E0-3D2C-49A1-9A10-AEE3F0E3F49C}.Debug|Any CPU.Build.0 = Debug|Any CPU
		{F664A7E0-3D2C-49A1-9A10-AEE3F0E3F49C}.Release|Any CPU.ActiveCfg = Release|Any CPU
		{F664A7E0-3D2C-49A1-9A10-AEE3F0E3F49C}.Release|Any CPU.Build.0 = Release|Any CPU
	EndGlobalSection
	GlobalSection(SolutionProperties) = preSolution
		HideSolutionNode = FALSE
	EndGlobalSection
EndGlobal
